
Microsoft Visual Studio Solution File, Format Version 12.00
# Visual Studio Version 17
VisualStudioVersion = 17.5.33530.505
MinimumVisualStudioVersion = 10.0.40219.1
Project("{FAE04EC0-301F-11D3-BF4B-00C04F79EFBC}") = "SuperAI.Server", "SuperAI\Server\SuperAI.Server.csproj", "{315342BD-3033-423F-B0F6-16500FE35541}"
EndProject
Project("{FAE04EC0-301F-11D3-BF4B-00C04F79EFBC}") = "SuperAI.Client", "SuperAI\Client\SuperAI.Client.csproj", "{A2FBA8EF-C7FC-4A32-8FAA-02C619D09CB0}"
EndProject
Project("{FAE04EC0-301F-11D3-BF4B-00C04F79EFBC}") = "SuperAI.Shared", "SuperAI\Shared\SuperAI.Shared.csproj", "{58B4BD9F-3771-4C4C-B7F3-B1B2218E8E8A}"
EndProject
Global
	GlobalSection(SolutionConfigurationPlatforms) = preSolution
		Debug|Any CPU = Debug|Any CPU
		Release|Any CPU = Release|Any CPU
	EndGlobalSection
	GlobalSection(ProjectConfigurationPlatforms) = postSolution
		{315342BD-3033-423F-B0F6-16500FE35541}.Debug|Any CPU.ActiveCfg = Debug|Any CPU
		{315342BD-3033-423F-B0F6-16500FE35541}.Debug|Any CPU.Build.0 = Debug|Any CPU
		{315342BD-3033-423F-B0F6-16500FE35541}.Release|Any CPU.ActiveCfg = Release|Any CPU
		{315342BD-3033-423F-B0F6-16500FE35541}.Release|Any CPU.Build.0 = Release|Any CPU
		{A2FBA8EF-C7FC-4A32-8FAA-02C619D09CB0}.Debug|Any CPU.ActiveCfg = Debug|Any CPU
		{A2FBA8EF-C7FC-4A32-8FAA-02C619D09CB0}.Debug|Any CPU.Build.0 = Debug|Any CPU
		{A2FBA8EF-C7FC-4A32-8FAA-02C619D09CB0}.Release|Any CPU.ActiveCfg = Release|Any CPU
		{A2FBA8EF-C7FC-4A32-8FAA-02C619D09CB0}.Release|Any CPU.Build.0 = Release|Any CPU
		{58B4BD9F-3771-4C4C-B7F3-B1B2218E8E8A}.Debug|Any CPU.ActiveCfg = Debug|Any CPU
		{58B4BD9F-3771-4C4C-B7F3-B1B2218E8E8A}.Debug|Any CPU.Build.0 = Debug|Any CPU
		{58B4BD9F-3771-4C4C-B7F3-B1B2218E8E8A}.Release|Any CPU.ActiveCfg = Release|Any CPU
		{58B4BD9F-3771-4C4C-B7F3-B1B2218E8E8A}.Release|Any CPU.Build.0 = Release|Any CPU
	EndGlobalSection
	GlobalSection(SolutionProperties) = preSolution
		HideSolutionNode = FALSE
	EndGlobalSection
	GlobalSection(ExtensibilityGlobals) = postSolution
		SolutionGuid = {F3E0B6C8-8A8F-4D62-B2D2-2290B97628E3}
	EndGlobalSection
EndGlobal
